
Microsoft Visual Studio Solution File, Format Version 11.00
# Visual Studio 2010
# SharpDevelop 4.2.1.8805
Project("{FD48973F-F585-4F70-812B-4D0503B36CE9}") = "SimpleCalc140", "SimpleCalc140.pyproj", "{CBB5AB50-D399-4376-A140-63C8FAAFBB12}"
EndProject
Global
	GlobalSection(SolutionConfigurationPlatforms) = preSolution
		Debug|x86 = Debug|x86
		Release|x86 = Release|x86
	EndGlobalSection
	GlobalSection(ProjectConfigurationPlatforms) = postSolution
		{CBB5AB50-D399-4376-A140-63C8FAAFBB12}.Debug|x86.Build.0 = Debug|x86
		{CBB5AB50-D399-4376-A140-63C8FAAFBB12}.Debug|x86.ActiveCfg = Debug|x86
		{CBB5AB50-D399-4376-A140-63C8FAAFBB12}.Release|x86.Build.0 = Release|x86
		{CBB5AB50-D399-4376-A140-63C8FAAFBB12}.Release|x86.ActiveCfg = Release|x86
	EndGlobalSection
EndGlobal
